
Microsoft Visual Studio Solution File, Format Version 12.00
# Visual Studio Version 17
VisualStudioVersion = 17.10.35013.160
MinimumVisualStudioVersion = 10.0.40219.1
Project("{FAE04EC0-301F-11D3-BF4B-00C04F79EFBC}") = "ArizaBildirimProject", "ArizaBildirimProject\ArizaBildirimProject.csproj", "{29123DBF-095B-4A70-A986-8727B1F37807}"
EndProject
Global
	GlobalSection(SolutionConfigurationPlatforms) = preSolution
		Debug|Any CPU = Debug|Any CPU
		Release|Any CPU = Release|Any CPU
	EndGlobalSection
	GlobalSection(ProjectConfigurationPlatforms) = postSolution
		{29123DBF-095B-4A70-A986-8727B1F37807}.Debug|Any CPU.ActiveCfg = Debug|Any CPU
		{29123DBF-095B-4A70-A986-8727B1F37807}.Debug|Any CPU.Build.0 = Debug|Any CPU
		{29123DBF-095B-4A70-A986-8727B1F37807}.Release|Any CPU.ActiveCfg = Release|Any CPU
		{29123DBF-095B-4A70-A986-8727B1F37807}.Release|Any CPU.Build.0 = Release|Any CPU
	EndGlobalSection
	GlobalSection(SolutionProperties) = preSolution
		HideSolutionNode = FALSE
	EndGlobalSection
	GlobalSection(ExtensibilityGlobals) = postSolution
		SolutionGuid = {26EF4601-2C8B-4941-89E1-1423372D0678}
	EndGlobalSection
EndGlobal
